
Microsoft Visual Studio Solution File, Format Version 12.00
# Visual Studio Version 17
VisualStudioVersion = 17.14.36109.1 d17.14
MinimumVisualStudioVersion = 10.0.40219.1
Project("{FAE04EC0-301F-11D3-BF4B-00C04F79EFBC}") = "animal", "animal\animal.csproj", "{4AACFC6A-3741-49A5-BDD2-C8A3A3526575}"
EndProject
Global
	GlobalSection(SolutionConfigurationPlatforms) = preSolution
		Debug|Any CPU = Debug|Any CPU
		Release|Any CPU = Release|Any CPU
	EndGlobalSection
	GlobalSection(ProjectConfigurationPlatforms) = postSolution
		{4AACFC6A-3741-49A5-BDD2-C8A3A3526575}.Debug|Any CPU.ActiveCfg = Debug|Any CPU
		{4AACFC6A-3741-49A5-BDD2-C8A3A3526575}.Debug|Any CPU.Build.0 = Debug|Any CPU
		{4AACFC6A-3741-49A5-BDD2-C8A3A3526575}.Release|Any CPU.ActiveCfg = Release|Any CPU
		{4AACFC6A-3741-49A5-BDD2-C8A3A3526575}.Release|Any CPU.Build.0 = Release|Any CPU
	EndGlobalSection
	GlobalSection(SolutionProperties) = preSolution
		HideSolutionNode = FALSE
	EndGlobalSection
	GlobalSection(ExtensibilityGlobals) = postSolution
		SolutionGuid = {E87C220A-B2AD-42F5-8E4B-B45D7300DF3E}
	EndGlobalSection
EndGlobal
