
Microsoft Visual Studio Solution File, Format Version 12.00
# Visual Studio Version 17
VisualStudioVersion = 17.14.36109.1 d17.14
MinimumVisualStudioVersion = 10.0.40219.1
Project("{FAE04EC0-301F-11D3-BF4B-00C04F79EFBC}") = "БібліотекаГраа", "БібліотекаГраа\БібліотекаГраа.csproj", "{016677EE-DCB0-43BA-BA5B-80FE82BB4B81}"
EndProject
Project("{FAE04EC0-301F-11D3-BF4B-00C04F79EFBC}") = "MyCalculator", "ClassLibrary1\MyCalculator.csproj", "{66D01259-FA72-48E4-BCBF-64C73F8590B5}"
EndProject
Project("{FAE04EC0-301F-11D3-BF4B-00C04F79EFBC}") = "Privat24", "Privat24\Privat24.csproj", "{C97DFFA7-A0F9-4476-A9BE-778C5C660D8E}"
EndProject
Global
	GlobalSection(SolutionConfigurationPlatforms) = preSolution
		Debug|Any CPU = Debug|Any CPU
		Release|Any CPU = Release|Any CPU
	EndGlobalSection
	GlobalSection(ProjectConfigurationPlatforms) = postSolution
		{016677EE-DCB0-43BA-BA5B-80FE82BB4B81}.Debug|Any CPU.ActiveCfg = Debug|Any CPU
		{016677EE-DCB0-43BA-BA5B-80FE82BB4B81}.Debug|Any CPU.Build.0 = Debug|Any CPU
		{016677EE-DCB0-43BA-BA5B-80FE82BB4B81}.Release|Any CPU.ActiveCfg = Release|Any CPU
		{016677EE-DCB0-43BA-BA5B-80FE82BB4B81}.Release|Any CPU.Build.0 = Release|Any CPU
		{66D01259-FA72-48E4-BCBF-64C73F8590B5}.Debug|Any CPU.ActiveCfg = Debug|Any CPU
		{66D01259-FA72-48E4-BCBF-64C73F8590B5}.Debug|Any CPU.Build.0 = Debug|Any CPU
		{66D01259-FA72-48E4-BCBF-64C73F8590B5}.Release|Any CPU.ActiveCfg = Release|Any CPU
		{66D01259-FA72-48E4-BCBF-64C73F8590B5}.Release|Any CPU.Build.0 = Release|Any CPU
		{C97DFFA7-A0F9-4476-A9BE-778C5C660D8E}.Debug|Any CPU.ActiveCfg = Debug|Any CPU
		{C97DFFA7-A0F9-4476-A9BE-778C5C660D8E}.Debug|Any CPU.Build.0 = Debug|Any CPU
		{C97DFFA7-A0F9-4476-A9BE-778C5C660D8E}.Release|Any CPU.ActiveCfg = Release|Any CPU
		{C97DFFA7-A0F9-4476-A9BE-778C5C660D8E}.Release|Any CPU.Build.0 = Release|Any CPU
	EndGlobalSection
	GlobalSection(SolutionProperties) = preSolution
		HideSolutionNode = FALSE
	EndGlobalSection
	GlobalSection(ExtensibilityGlobals) = postSolution
		SolutionGuid = {FFF8605F-BCEA-4850-8A9A-FB70E912B4B7}
	EndGlobalSection
EndGlobal
