
Microsoft Visual Studio Solution File, Format Version 12.00
# Visual Studio Version 17
VisualStudioVersion = 17.14.36109.1 d17.14
MinimumVisualStudioVersion = 10.0.40219.1
Project("{FAE04EC0-301F-11D3-BF4B-00C04F79EFBC}") = "Exeption", "Exeption\Exeption.csproj", "{682A884E-7E8D-45A7-9093-218223FDE809}"
EndProject
Global
	GlobalSection(SolutionConfigurationPlatforms) = preSolution
		Debug|Any CPU = Debug|Any CPU
		Release|Any CPU = Release|Any CPU
	EndGlobalSection
	GlobalSection(ProjectConfigurationPlatforms) = postSolution
		{682A884E-7E8D-45A7-9093-218223FDE809}.Debug|Any CPU.ActiveCfg = Debug|Any CPU
		{682A884E-7E8D-45A7-9093-218223FDE809}.Debug|Any CPU.Build.0 = Debug|Any CPU
		{682A884E-7E8D-45A7-9093-218223FDE809}.Release|Any CPU.ActiveCfg = Release|Any CPU
		{682A884E-7E8D-45A7-9093-218223FDE809}.Release|Any CPU.Build.0 = Release|Any CPU
	EndGlobalSection
	GlobalSection(SolutionProperties) = preSolution
		HideSolutionNode = FALSE
	EndGlobalSection
	GlobalSection(ExtensibilityGlobals) = postSolution
		SolutionGuid = {541A7A26-355E-40E2-A800-5948215891B4}
	EndGlobalSection
EndGlobal
