
Microsoft Visual Studio Solution File, Format Version 12.00
# Visual Studio Version 17
VisualStudioVersion = 17.14.36109.1 d17.14
MinimumVisualStudioVersion = 10.0.40219.1
Project("{FAE04EC0-301F-11D3-BF4B-00C04F79EFBC}") = "WindowsFormFiles", "WindowsFormFiles\WindowsFormFiles.csproj", "{3338369A-A9A5-48C8-AF78-0BB3D0F39B9F}"
EndProject
Global
	GlobalSection(SolutionConfigurationPlatforms) = preSolution
		Debug|Any CPU = Debug|Any CPU
		Release|Any CPU = Release|Any CPU
	EndGlobalSection
	GlobalSection(ProjectConfigurationPlatforms) = postSolution
		{3338369A-A9A5-48C8-AF78-0BB3D0F39B9F}.Debug|Any CPU.ActiveCfg = Debug|Any CPU
		{3338369A-A9A5-48C8-AF78-0BB3D0F39B9F}.Debug|Any CPU.Build.0 = Debug|Any CPU
		{3338369A-A9A5-48C8-AF78-0BB3D0F39B9F}.Release|Any CPU.ActiveCfg = Release|Any CPU
		{3338369A-A9A5-48C8-AF78-0BB3D0F39B9F}.Release|Any CPU.Build.0 = Release|Any CPU
	EndGlobalSection
	GlobalSection(SolutionProperties) = preSolution
		HideSolutionNode = FALSE
	EndGlobalSection
	GlobalSection(ExtensibilityGlobals) = postSolution
		SolutionGuid = {91025C27-8042-4836-8BF3-0783C6269B22}
	EndGlobalSection
EndGlobal
